dependencies:
- name: eos-secret-store
  repository: oci://ghcr.io/alexandreodelisle
  version: 0.0.2
- name: cloudnative-pg
  repository: https://cloudnative-pg.github.io/charts
  version: 0.26.0
- name: openebs
  repository: https://openebs.github.io/openebs
  version: 4.3.2
digest: sha256:c2b8c407be6f065e3814a3e2b6c501b947beba4630a7b256b669ce8a61d65063
generated: "2025-09-20T21:12:04.198163301-04:00"
